
Microsoft Visual Studio Solution File, Format Version 12.00
# Visual Studio 15
VisualStudioVersion = 15.0.28010.2026
MinimumVisualStudioVersion = 10.0.40219.1
Project("{FAE04EC0-301F-11D3-BF4B-00C04F79EFBC}") = "TypesAndRelations", "TypesAndRelations\TypesAndRelations.csproj", "{BBC48959-0FF1-483A-8C0B-C3D39038949E}"
EndProject
Global
	GlobalSection(SolutionConfigurationPlatforms) = preSolution
		Debug|Any CPU = Debug|Any CPU
		Release|Any CPU = Release|Any CPU
	EndGlobalSection
	GlobalSection(ProjectConfigurationPlatforms) = postSolution
		{BBC48959-0FF1-483A-8C0B-C3D39038949E}.Debug|Any CPU.ActiveCfg = Debug|Any CPU
		{BBC48959-0FF1-483A-8C0B-C3D39038949E}.Debug|Any CPU.Build.0 = Debug|Any CPU
		{BBC48959-0FF1-483A-8C0B-C3D39038949E}.Release|Any CPU.ActiveCfg = Release|Any CPU
		{BBC48959-0FF1-483A-8C0B-C3D39038949E}.Release|Any CPU.Build.0 = Release|Any CPU
	EndGlobalSection
	GlobalSection(SolutionProperties) = preSolution
		HideSolutionNode = FALSE
	EndGlobalSection
	GlobalSection(ExtensibilityGlobals) = postSolution
		SolutionGuid = {4910FC72-9F63-4FA0-BF6A-5E1966E7311A}
	EndGlobalSection
EndGlobal
